
Microsoft Visual Studio Solution File, Format Version 12.00
# Visual Studio Version 17
VisualStudioVersion = 17.11.35327.3
MinimumVisualStudioVersion = 10.0.40219.1
Project("{FAE04EC0-301F-11D3-BF4B-00C04F79EFBC}") = "JsonApp.Server", "JsonApp.Server\JsonApp.Server.csproj", "{D51B8E63-FF0B-4E33-BA94-992209822782}"
EndProject
Project("{54A90642-561A-4BB1-A94E-469ADEE60C69}") = "jsonapp.client", "jsonapp.client\jsonapp.client.esproj", "{E8E97CA4-B498-45B2-A2DC-2C1DDFA08D39}"
EndProject
Global
	GlobalSection(SolutionConfigurationPlatforms) = preSolution
		Debug|Any CPU = Debug|Any CPU
		Release|Any CPU = Release|Any CPU
	EndGlobalSection
	GlobalSection(ProjectConfigurationPlatforms) = postSolution
		{D51B8E63-FF0B-4E33-BA94-992209822782}.Debug|Any CPU.ActiveCfg = Debug|Any CPU
		{D51B8E63-FF0B-4E33-BA94-992209822782}.Debug|Any CPU.Build.0 = Debug|Any CPU
		{D51B8E63-FF0B-4E33-BA94-992209822782}.Release|Any CPU.ActiveCfg = Release|Any CPU
		{D51B8E63-FF0B-4E33-BA94-992209822782}.Release|Any CPU.Build.0 = Release|Any CPU
		{E8E97CA4-B498-45B2-A2DC-2C1DDFA08D39}.Debug|Any CPU.ActiveCfg = Debug|Any CPU
		{E8E97CA4-B498-45B2-A2DC-2C1DDFA08D39}.Debug|Any CPU.Build.0 = Debug|Any CPU
		{E8E97CA4-B498-45B2-A2DC-2C1DDFA08D39}.Debug|Any CPU.Deploy.0 = Debug|Any CPU
		{E8E97CA4-B498-45B2-A2DC-2C1DDFA08D39}.Release|Any CPU.ActiveCfg = Release|Any CPU
		{E8E97CA4-B498-45B2-A2DC-2C1DDFA08D39}.Release|Any CPU.Build.0 = Release|Any CPU
		{E8E97CA4-B498-45B2-A2DC-2C1DDFA08D39}.Release|Any CPU.Deploy.0 = Release|Any CPU
	EndGlobalSection
	GlobalSection(SolutionProperties) = preSolution
		HideSolutionNode = FALSE
	EndGlobalSection
	GlobalSection(ExtensibilityGlobals) = postSolution
		SolutionGuid = {9F79D03E-7014-47DD-9FF8-DDC80500DB92}
	EndGlobalSection
EndGlobal
